{
  "name": "08-vite",
  "lockfileVersion": 3,
  "requires": true,
  "packages": {
    "": {
      "dependencies": {
        "zod": "^3.25.50"
      }
    },
    "node_modules/zod": {
      "version": "3.25.50",
      "resolved": "https://registry.npmjs.org/zod/-/zod-3.25.50.tgz",
      "integrity": "sha512-VstOnRxf4tlSq0raIwbn0n+LA34SxVoZ8r3pkwSUM0jqNiA/HCMQEVjTuS5FZmHsge+9MDGTiAuHyml5T0um6A==",
      "license": "MIT",
      "funding": {
        "url": "https://github.com/sponsors/colinhacks"
      }
    }
  }
}
